PODS:
  - RxBlocking (5.0.1):
    - RxSwift (~> 5)
  - RxCocoa (5.0.1):
    - RxRelay (~> 5)
    - RxSwift (~> 5)
  - RxRelay (5.0.0):
    - RxSwift (~> 5)
  - RxSwift (5.0.1)
  - RxTest (5.0.1):
    - RxSwift (~> 5)
  - SwiftLint (0.27.0)

DEPENDENCIES:
  - RxBlocking (from `https://github.com/ReactiveX/RxSwift.git`)
  - RxCocoa (from `https://github.com/ReactiveX/RxSwift.git`)
  - RxSwift (from `https://github.com/ReactiveX/RxSwift.git`)
  - RxTest (from `https://github.com/ReactiveX/RxSwift.git`)
  - SwiftLint

SPEC REPOS:
  https://github.com/CocoaPods/Specs.git:
    - RxRelay
    - SwiftLint

EXTERNAL SOURCES:
  RxBlocking:
    :git: https://github.com/ReactiveX/RxSwift.git
  RxCocoa:
    :git: https://github.com/ReactiveX/RxSwift.git
  RxSwift:
    :git: https://github.com/ReactiveX/RxSwift.git
  RxTest:
    :git: https://github.com/ReactiveX/RxSwift.git

CHECKOUT OPTIONS:
  RxBlocking:
    :commit: 70b8a33c5c3f4c3b15ebf10b638d2b15cfafb814
    :git: https://github.com/ReactiveX/RxSwift.git
  RxCocoa:
    :commit: 70b8a33c5c3f4c3b15ebf10b638d2b15cfafb814
    :git: https://github.com/ReactiveX/RxSwift.git
  RxSwift:
    :commit: 70b8a33c5c3f4c3b15ebf10b638d2b15cfafb814
    :git: https://github.com/ReactiveX/RxSwift.git
  RxTest:
    :commit: 70b8a33c5c3f4c3b15ebf10b638d2b15cfafb814
    :git: https://github.com/ReactiveX/RxSwift.git

SPEC CHECKSUMS:
  RxBlocking: 8410e1bae69c61d47f025196d7b409324856db39
  RxCocoa: dcceba42244a647ac976575f1b85b48030478ef1
  RxRelay: 4f7409406a51a55cd88483f21ed898c234d60f18
  RxSwift: 3a0c158ad22a75080a707abd9dc9191149e03522
  RxTest: cfdad28bbd90a52106a71409a1b39e77fd4bf257
  SwiftLint: 3207c1faa2240bf8973b191820a116113cd11073

PODFILE CHECKSUM: d686e3d2a34f9e886fd2565f607a0a7a70058c64

COCOAPODS: 1.9.1
