PODS:
  - Nimble (8.0.2)
  - Quick (2.1.0)
  - RxBlocking (5.0.1):
    - RxSwift (~> 5)
  - RxCocoa (5.0.1):
    - RxRelay (~> 5)
    - RxSwift (~> 5)
  - RxRelay (5.0.0):
    - RxSwift (~> 5)
  - RxSwift (5.0.1)
  - RxTest (5.0.1):
    - RxSwift (~> 5)
  - SwiftLint (0.27.0)

DEPENDENCIES:
  - Nimble (from `https://github.com/Quick/Nimble.git`)
  - Quick (from `https://github.com/Quick/Quick.git`)
  - RxBlocking (from `https://github.com/ReactiveX/RxSwift.git`)
  - RxCocoa (from `https://github.com/ReactiveX/RxSwift.git`)
  - RxSwift (from `https://github.com/ReactiveX/RxSwift.git`)
  - RxTest (from `https://github.com/ReactiveX/RxSwift.git`)
  - SwiftLint

SPEC REPOS:
  https://github.com/CocoaPods/Specs.git:
    - RxRelay
    - SwiftLint

EXTERNAL SOURCES:
  Nimble:
    :git: https://github.com/Quick/Nimble.git
  Quick:
    :git: https://github.com/Quick/Quick.git
  RxBlocking:
    :git: https://github.com/ReactiveX/RxSwift.git
  RxCocoa:
    :git: https://github.com/ReactiveX/RxSwift.git
  RxSwift:
    :git: https://github.com/ReactiveX/RxSwift.git
  RxTest:
    :git: https://github.com/ReactiveX/RxSwift.git

CHECKOUT OPTIONS:
  Nimble:
    :commit: 07f7aa68ba7e0fafd3a9ae2b444605a543e58fea
    :git: https://github.com/Quick/Nimble.git
  Quick:
    :commit: ad85cdebd3621dc89e16630a2035f6475d32136c
    :git: https://github.com/Quick/Quick.git
  RxBlocking:
    :commit: 70b8a33c5c3f4c3b15ebf10b638d2b15cfafb814
    :git: https://github.com/ReactiveX/RxSwift.git
  RxCocoa:
    :commit: 70b8a33c5c3f4c3b15ebf10b638d2b15cfafb814
    :git: https://github.com/ReactiveX/RxSwift.git
  RxSwift:
    :commit: 70b8a33c5c3f4c3b15ebf10b638d2b15cfafb814
    :git: https://github.com/ReactiveX/RxSwift.git
  RxTest:
    :commit: 70b8a33c5c3f4c3b15ebf10b638d2b15cfafb814
    :git: https://github.com/ReactiveX/RxSwift.git

SPEC CHECKSUMS:
  Nimble: cdb5c4217dd9a7ea63c05303a0d54c91f6d45e8c
  Quick: 6a4c91f1484591bb4b08850cd3c70216e3fc6518
  RxBlocking: 8410e1bae69c61d47f025196d7b409324856db39
  RxCocoa: dcceba42244a647ac976575f1b85b48030478ef1
  RxRelay: 4f7409406a51a55cd88483f21ed898c234d60f18
  RxSwift: 3a0c158ad22a75080a707abd9dc9191149e03522
  RxTest: cfdad28bbd90a52106a71409a1b39e77fd4bf257
  SwiftLint: 3207c1faa2240bf8973b191820a116113cd11073

PODFILE CHECKSUM: 0a4abd85ecba7908e5ced22d7f239bc49df37f87

COCOAPODS: 1.5.0
